
Microsoft Visual Studio Solution File, Format Version 12.00
# Visual Studio 15
Project("{FAE04EC0-301F-11D3-BF4B-00C04F79EFBC}") = "Assembly-CSharp", "Assembly-CSharp.csproj", "{2E717878-A545-A141-8222-D1DAACBCC5EE}"
EndProject
Project("{FAE04EC0-301F-11D3-BF4B-00C04F79EFBC}") = "Assembly-CSharp-Editor", "Assembly-CSharp-Editor.csproj", "{75A2BB57-B3B0-E191-C39D-6BB7DF6FC7E7}"
EndProject
Global
	GlobalSection(SolutionConfigurationPlatforms) = preSolution
		Debug|Any CPU = Debug|Any CPU
		Release|Any CPU = Release|Any CPU
	EndGlobalSection
	GlobalSection(ProjectConfigurationPlatforms) = postSolution
		{2E717878-A545-A141-8222-D1DAACBCC5EE}.Debug|Any CPU.ActiveCfg = Debug|Any CPU
		{2E717878-A545-A141-8222-D1DAACBCC5EE}.Debug|Any CPU.Build.0 = Debug|Any CPU
		{2E717878-A545-A141-8222-D1DAACBCC5EE}.Release|Any CPU.ActiveCfg = Release|Any CPU
		{2E717878-A545-A141-8222-D1DAACBCC5EE}.Release|Any CPU.Build.0 = Release|Any CPU
		{75A2BB57-B3B0-E191-C39D-6BB7DF6FC7E7}.Debug|Any CPU.ActiveCfg = Debug|Any CPU
		{75A2BB57-B3B0-E191-C39D-6BB7DF6FC7E7}.Debug|Any CPU.Build.0 = Debug|Any CPU
		{75A2BB57-B3B0-E191-C39D-6BB7DF6FC7E7}.Release|Any CPU.ActiveCfg = Release|Any CPU
		{75A2BB57-B3B0-E191-C39D-6BB7DF6FC7E7}.Release|Any CPU.Build.0 = Release|Any CPU
	EndGlobalSection
	GlobalSection(SolutionProperties) = preSolution
		HideSolutionNode = FALSE
	EndGlobalSection
EndGlobal
